{
    "_readme": [
        "This file locks the dependencies of your project to a known state",
        "Read more about it at https://getcomposer.org/doc/01-basic-usage.md#composer-lock-the-lock-file",
        "This file is @generated automatically"
    ],
    "hash": "83e5f12403af4bd99b71501cc158b9cd",
    "content-hash": "dabeba55687dfcf88a5e060ba645ea3f",
    "packages": [
        {
            "name": "mcg-web/promise-factory",
            "version": "v0.2.0",
            "source": {
                "type": "git",
                "url": "https://github.com/mcg-web/promise-factory.git",
                "reference": "036b68fabaa923c1572e132ae4314aaaf0b01ce2"
            },
            "dist": {
                "type": "zip",
                "url": "https://api.github.com/repos/mcg-web/promise-factory/zipball/036b68fabaa923c1572e132ae4314aaaf0b01ce2",
                "reference": "036b68fabaa923c1572e132ae4314aaaf0b01ce2",
                "shasum": ""
            },
            "require": {
                "php": "^5.5|^7.0"
            },
            "require-dev": {
                "phpunit/phpunit": "^4.1|^5.1"
            },
            "suggest": {
                "guzzlehttp/promises": "To use Guzzle promise factory",
                "react/promise": "To use ReactPhp promise factory"
            },
            "type": "library",
            "autoload": {
                "psr-4": {
                    "McGWeb\\PromiseFactory\\": "src/"
                }
            },
            "notification-url": "https://packagist.org/downloads/",
            "license": [
                "MIT"
            ],
            "description": "This library tries to create a simple promise factory standard while waiting for a psr.",
            "keywords": [
                "Guzzle",
                "factory",
                "promise",
                "react"
            ],
            "time": "2016-11-15 09:03:43"
        },
        {
            "name": "overblog/dataloader-php",
            "version": "dev-master",
            "source": {
                "type": "git",
                "url": "https://github.com/overblog/dataloader-php.git",
                "reference": "8f6b8116d900b03519af819df9b425ebe98b1222"
            },
            "dist": {
                "type": "zip",
                "url": "https://api.github.com/repos/overblog/dataloader-php/zipball/8f6b8116d900b03519af819df9b425ebe98b1222",
                "reference": "8f6b8116d900b03519af819df9b425ebe98b1222",
                "shasum": ""
            },
            "require": {
                "mcg-web/promise-factory": "^0.2",
                "php": "^5.5|^7.0"
            },
            "require-dev": {
                "phpunit/phpunit": "^4.1|^5.1"
            },
            "type": "library",
            "autoload": {
                "psr-4": {
                    "Overblog\\DataLoader\\": "src/"
                }
            },
            "notification-url": "https://packagist.org/downloads/",
            "license": [
                "MIT"
            ],
            "description": "DataLoaderPhp is a generic utility to be used as part of your application's data fetching layer to provide a simplified and consistent API over various remote data sources such as databases or web services via batching and caching.",
            "keywords": [
                "Batching",
                "caching",
                "dataLoader"
            ],
            "time": "2016-11-15 09:18:59"
        },
        {
            "name": "react/promise",
            "version": "v2.4.1",
            "source": {
                "type": "git",
                "url": "https://github.com/reactphp/promise.git",
                "reference": "8025426794f1944de806618671d4fa476dc7626f"
            },
            "dist": {
                "type": "zip",
                "url": "https://api.github.com/repos/reactphp/promise/zipball/8025426794f1944de806618671d4fa476dc7626f",
                "reference": "8025426794f1944de806618671d4fa476dc7626f",
                "shasum": ""
            },
            "require": {
                "php": ">=5.4.0"
            },
            "type": "library",
            "extra": {
                "branch-alias": {
                    "dev-master": "2.0-dev"
                }
            },
            "autoload": {
                "psr-4": {
                    "React\\Promise\\": "src/"
                },
                "files": [
                    "src/functions_include.php"
                ]
            },
            "notification-url": "https://packagist.org/downloads/",
            "license": [
                "MIT"
            ],
            "authors": [
                {
                    "name": "Jan Sorgalla",
                    "email": "jsorgalla@gmail.com"
                }
            ],
            "description": "A lightweight implementation of CommonJS Promises/A for PHP",
            "time": "2016-05-03 17:50:52"
        },
        {
            "name": "webonyx/graphql-php",
            "version": "dev-promise",
            "source": {
                "type": "git",
                "url": "https://github.com/mcg-web/graphql-php.git",
                "reference": "35d7d830883b264d006c864b1e5667ae72b6b065"
            },
            "require": {
                "ext-mbstring": "*",
                "php": ">=5.4,<8.0-DEV"
            },
            "require-dev": {
                "phpunit/phpunit": "^4.8",
                "react/promise": "^2.4"
            },
            "suggest": {
                "react/promise": "To use ReactPhp promise adapter"
            },
            "type": "library",
            "autoload": {
                "files": [
                    "src/deprecated.php"
                ],
                "psr-4": {
                    "GraphQL\\": "src/"
                }
            },
            "autoload-dev": {
                "psr-4": {
                    "GraphQL\\Tests\\": "tests/",
                    "GraphQL\\Benchmarks\\": "benchmarks/",
                    "GraphQL\\Examples\\Blog\\": "examples/01-blog/Blog/"
                }
            },
            "license": [
                "BSD"
            ],
            "description": "A PHP port of GraphQL reference implementation",
            "homepage": "https://github.com/webonyx/graphql-php",
            "keywords": [
                "API",
                "graphql"
            ],
            "time": "2016-11-26 21:28:46"
        }
    ],
    "packages-dev": [],
    "aliases": [],
    "minimum-stability": "stable",
    "stability-flags": {
        "overblog/dataloader-php": 20,
        "webonyx/graphql-php": 20
    },
    "prefer-stable": false,
    "prefer-lowest": false,
    "platform": [],
    "platform-dev": []
}
