{
    "_readme": [
        "This file locks the dependencies of your project to a known state",
        "Read more about it at https://getcomposer.org/doc/01-basic-usage.md#composer-lock-the-lock-file",
        "This file is @generated automatically"
    ],
    "hash": "4ecb24fe0b594546218c3829637f8138",
    "content-hash": "255e4e3cc0c7fbb39cd21ad068542a43",
    "packages": [
        {
            "name": "overblog/dataloader-php",
            "version": "dev-master",
            "source": {
                "type": "git",
                "url": "https://github.com/overblog/dataloader-php.git",
                "reference": "bd57d795c7dd960ef9f31df599aec734f5bc4f6c"
            },
            "dist": {
                "type": "zip",
                "url": "https://api.github.com/repos/overblog/dataloader-php/zipball/bd57d795c7dd960ef9f31df599aec734f5bc4f6c",
                "reference": "bd57d795c7dd960ef9f31df599aec734f5bc4f6c",
                "shasum": ""
            },
            "require": {
                "php": "^5.5|^7.0",
                "react/promise": "^2.4",
                "symfony/cache": "^3.1"
            },
            "require-dev": {
                "phpunit/phpunit": "^4.1|^5.1"
            },
            "type": "library",
            "autoload": {
                "psr-4": {
                    "Overblog\\DataLoader\\": "src/"
                }
            },
            "notification-url": "https://packagist.org/downloads/",
            "license": [
                "MIT"
            ],
            "time": "2016-11-08 16:11:46"
        },
        {
            "name": "psr/cache",
            "version": "1.0.1",
            "source": {
                "type": "git",
                "url": "https://github.com/php-fig/cache.git",
                "reference": "d11b50ad223250cf17b86e38383413f5a6764bf8"
            },
            "dist": {
                "type": "zip",
                "url": "https://api.github.com/repos/php-fig/cache/zipball/d11b50ad223250cf17b86e38383413f5a6764bf8",
                "reference": "d11b50ad223250cf17b86e38383413f5a6764bf8",
                "shasum": ""
            },
            "require": {
                "php": ">=5.3.0"
            },
            "type": "library",
            "extra": {
                "branch-alias": {
                    "dev-master": "1.0.x-dev"
                }
            },
            "autoload": {
                "psr-4": {
                    "Psr\\Cache\\": "src/"
                }
            },
            "notification-url": "https://packagist.org/downloads/",
            "license": [
                "MIT"
            ],
            "authors": [
                {
                    "name": "PHP-FIG",
                    "homepage": "http://www.php-fig.org/"
                }
            ],
            "description": "Common interface for caching libraries",
            "keywords": [
                "cache",
                "psr",
                "psr-6"
            ],
            "time": "2016-08-06 20:24:11"
        },
        {
            "name": "psr/log",
            "version": "1.0.2",
            "source": {
                "type": "git",
                "url": "https://github.com/php-fig/log.git",
                "reference": "4ebe3a8bf773a19edfe0a84b6585ba3d401b724d"
            },
            "dist": {
                "type": "zip",
                "url": "https://api.github.com/repos/php-fig/log/zipball/4ebe3a8bf773a19edfe0a84b6585ba3d401b724d",
                "reference": "4ebe3a8bf773a19edfe0a84b6585ba3d401b724d",
                "shasum": ""
            },
            "require": {
                "php": ">=5.3.0"
            },
            "type": "library",
            "extra": {
                "branch-alias": {
                    "dev-master": "1.0.x-dev"
                }
            },
            "autoload": {
                "psr-4": {
                    "Psr\\Log\\": "Psr/Log/"
                }
            },
            "notification-url": "https://packagist.org/downloads/",
            "license": [
                "MIT"
            ],
            "authors": [
                {
                    "name": "PHP-FIG",
                    "homepage": "http://www.php-fig.org/"
                }
            ],
            "description": "Common interface for logging libraries",
            "homepage": "https://github.com/php-fig/log",
            "keywords": [
                "log",
                "psr",
                "psr-3"
            ],
            "time": "2016-10-10 12:19:37"
        },
        {
            "name": "react/promise",
            "version": "v2.4.1",
            "source": {
                "type": "git",
                "url": "https://github.com/reactphp/promise.git",
                "reference": "8025426794f1944de806618671d4fa476dc7626f"
            },
            "dist": {
                "type": "zip",
                "url": "https://api.github.com/repos/reactphp/promise/zipball/8025426794f1944de806618671d4fa476dc7626f",
                "reference": "8025426794f1944de806618671d4fa476dc7626f",
                "shasum": ""
            },
            "require": {
                "php": ">=5.4.0"
            },
            "type": "library",
            "extra": {
                "branch-alias": {
                    "dev-master": "2.0-dev"
                }
            },
            "autoload": {
                "psr-4": {
                    "React\\Promise\\": "src/"
                },
                "files": [
                    "src/functions_include.php"
                ]
            },
            "notification-url": "https://packagist.org/downloads/",
            "license": [
                "MIT"
            ],
            "authors": [
                {
                    "name": "Jan Sorgalla",
                    "email": "jsorgalla@gmail.com"
                }
            ],
            "description": "A lightweight implementation of CommonJS Promises/A for PHP",
            "time": "2016-05-03 17:50:52"
        },
        {
            "name": "symfony/cache",
            "version": "v3.1.6",
            "source": {
                "type": "git",
                "url": "https://github.com/symfony/cache.git",
                "reference": "a4bf05e93eecf1df96612ad0ccf49e03177b17b4"
            },
            "dist": {
                "type": "zip",
                "url": "https://api.github.com/repos/symfony/cache/zipball/a4bf05e93eecf1df96612ad0ccf49e03177b17b4",
                "reference": "a4bf05e93eecf1df96612ad0ccf49e03177b17b4",
                "shasum": ""
            },
            "require": {
                "php": ">=5.5.9",
                "psr/cache": "~1.0",
                "psr/log": "~1.0"
            },
            "provide": {
                "psr/cache-implementation": "1.0"
            },
            "require-dev": {
                "cache/integration-tests": "dev-master",
                "doctrine/cache": "~1.6",
                "predis/predis": "~1.0"
            },
            "suggest": {
                "symfony/polyfill-apcu": "For using ApcuAdapter on HHVM"
            },
            "type": "library",
            "extra": {
                "branch-alias": {
                    "dev-master": "3.1-dev"
                }
            },
            "autoload": {
                "psr-4": {
                    "Symfony\\Component\\Cache\\": ""
                },
                "exclude-from-classmap": [
                    "/Tests/"
                ]
            },
            "notification-url": "https://packagist.org/downloads/",
            "license": [
                "MIT"
            ],
            "authors": [
                {
                    "name": "Nicolas Grekas",
                    "email": "p@tchwork.com"
                },
                {
                    "name": "Symfony Community",
                    "homepage": "https://symfony.com/contributors"
                }
            ],
            "description": "Symfony implementation of PSR-6",
            "homepage": "https://symfony.com",
            "keywords": [
                "caching",
                "psr6"
            ],
            "time": "2016-09-25 08:27:07"
        },
        {
            "name": "webonyx/graphql-php",
            "version": "dev-promise",
            "source": {
                "type": "git",
                "url": "https://github.com/mcg-web/graphql-php.git",
                "reference": "15739502575047f1b014a300751d984bff6420a9"
            },
            "require": {
                "php": ">=5.4,<8.0-DEV"
            },
            "require-dev": {
                "phpunit/phpunit": "^4.8"
            },
            "type": "library",
            "autoload": {
                "psr-4": {
                    "GraphQL\\": "src/"
                }
            },
            "autoload-dev": {
                "psr-4": {
                    "GraphQL\\Tests\\": "tests/",
                    "GraphQL\\Benchmarks\\": "benchmarks/",
                    "GraphQL\\Examples\\Blog\\": "examples/01-blog/Blog/"
                }
            },
            "license": [
                "BSD"
            ],
            "description": "A PHP port of GraphQL reference implementation",
            "homepage": "https://github.com/webonyx/graphql-php",
            "keywords": [
                "API",
                "graphql"
            ],
            "time": "2016-11-09 10:38:12"
        }
    ],
    "packages-dev": [],
    "aliases": [],
    "minimum-stability": "stable",
    "stability-flags": {
        "webonyx/graphql-php": 20,
        "overblog/dataloader-php": 20
    },
    "prefer-stable": false,
    "prefer-lowest": false,
    "platform": [],
    "platform-dev": []
}
